// !$*UTF8*$!
{
	archiveVersion = 1;
	classes = {
	};
	objectVersion = 56;
	objects = {

/* Begin PBXBuildFile section */
		0D69809E2A0637B70049AB18 /* Challenge_Rock_Paper_ScissorsApp.swift in Sources */ = {isa = PBXBuildFile; fileRef = 0D69809D2A0637B70049AB18 /* Challenge_Rock_Paper_ScissorsApp.swift */; };
		0D6980A02A0637B70049AB18 /* GameView.swift in Sources */ = {isa = PBXBuildFile; fileRef = 0D69809F2A0637B70049AB18 /* GameView.swift */; };
		0D6980A22A0637B80049AB18 /* Assets.xcassets in Resources */ = {isa = PBXBuildFile; fileRef = 0D6980A12A0637B80049AB18 /* Assets.xcassets */; };
		0D6980A52A0637B80049AB18 /* Preview Assets.xcassets in Resources */ = {isa = PBXBuildFile; fileRef = 0D6980A42A0637B80049AB18 /* Preview Assets.xcassets */; };
		0D6980AE2A0655DE0049AB18 /* View+Extension.swift in Sources */ = {isa = PBXBuildFile; fileRef = 0D6980AD2A0655DE0049AB18 /* View+Extension.swift */; };
		0D6980B62A065DBD0049AB18 /* RPSGameContract.swift in Sources */ = {isa = PBXBuildFile; fileRef = 0D6980B52A065DBD0049AB18 /* RPSGameContract.swift */; };
		0D6980B92A06638D0049AB18 /* RPSGameType.swift in Sources */ = {isa = PBXBuildFile; fileRef = 0D6980B82A06638D0049AB18 /* RPSGameType.swift */; };
		0D6980BB2A0663A00049AB18 /* RPSChoiceType.swift in Sources */ = {isa = PBXBuildFile; fileRef = 0D6980BA2A0663A00049AB18 /* RPSChoiceType.swift */; };
		0D6980BD2A0663BE0049AB18 /* RPSGame.swift in Sources */ = {isa = PBXBuildFile; fileRef = 0D6980BC2A0663BE0049AB18 /* RPSGame.swift */; };
		0D6980BF2A0664A30049AB18 /* GameViewModel.swift in Sources */ = {isa = PBXBuildFile; fileRef = 0D6980BE2A0664A30049AB18 /* GameViewModel.swift */; };
		0D6980C12A06B7EB0049AB18 /* ChoiceImageButton.swift in Sources */ = {isa = PBXBuildFile; fileRef = 0D6980C02A06B7EB0049AB18 /* ChoiceImageButton.swift */; };
		0D6980C42A06B8130049AB18 /* TitleTextView.swift in Sources */ = {isa = PBXBuildFile; fileRef = 0D6980C32A06B8130049AB18 /* TitleTextView.swift */; };
/* End PBXBuildFile section */

/* Begin PBXFileReference section */
		0D69809A2A0637B70049AB18 /* Challenge-Rock-Paper_Scissors.app */ = {isa = PBXFileReference; explicitFileType = wrapper.application; includeInIndex = 0; path = "Challenge-Rock-Paper_Scissors.app"; sourceTree = BUILT_PRODUCTS_DIR; };
		0D69809D2A0637B70049AB18 /* Challenge_Rock_Paper_ScissorsApp.swift */ = {isa = PBXFileReference; lastKnownFileType = sourcecode.swift; path = Challenge_Rock_Paper_ScissorsApp.swift; sourceTree = "<group>"; };
		0D69809F2A0637B70049AB18 /* GameView.swift */ = {isa = PBXFileReference; lastKnownFileType = sourcecode.swift; path = GameView.swift; sourceTree = "<group>"; };
		0D6980A12A0637B80049AB18 /* Assets.xcassets */ = {isa = PBXFileReference; lastKnownFileType = folder.assetcatalog; path = Assets.xcassets; sourceTree = "<group>"; };
		0D6980A42A0637B80049AB18 /* Preview Assets.xcassets */ = {isa = PBXFileReference; lastKnownFileType = folder.assetcatalog; path = "Preview Assets.xcassets"; sourceTree = "<group>"; };
		0D6980AD2A0655DE0049AB18 /* View+Extension.swift */ = {isa = PBXFileReference; lastKnownFileType = sourcecode.swift; path = "View+Extension.swift"; sourceTree = "<group>"; };
		0D6980B52A065DBD0049AB18 /* RPSGameContract.swift */ = {isa = PBXFileReference; lastKnownFileType = sourcecode.swift; path = RPSGameContract.swift; sourceTree = "<group>"; };
		0D6980B82A06638D0049AB18 /* RPSGameType.swift */ = {isa = PBXFileReference; lastKnownFileType = sourcecode.swift; path = RPSGameType.swift; sourceTree = "<group>"; };
		0D6980BA2A0663A00049AB18 /* RPSChoiceType.swift */ = {isa = PBXFileReference; lastKnownFileType = sourcecode.swift; path = RPSChoiceType.swift; sourceTree = "<group>"; };
		0D6980BC2A0663BE0049AB18 /* RPSGame.swift */ = {isa = PBXFileReference; lastKnownFileType = sourcecode.swift; path = RPSGame.swift; sourceTree = "<group>"; };
		0D6980BE2A0664A30049AB18 /* GameViewModel.swift */ = {isa = PBXFileReference; lastKnownFileType = sourcecode.swift; path = GameViewModel.swift; sourceTree = "<group>"; };
		0D6980C02A06B7EB0049AB18 /* ChoiceImageButton.swift */ = {isa = PBXFileReference; lastKnownFileType = sourcecode.swift; path = ChoiceImageButton.swift; sourceTree = "<group>"; };
		0D6980C32A06B8130049AB18 /* TitleTextView.swift */ = {isa = PBXFileReference; lastKnownFileType = sourcecode.swift; path = TitleTextView.swift; sourceTree = "<group>"; };
/* End PBXFileReference section */

/* Begin PBXFrameworksBuildPhase section */
		0D6980972A0637B70049AB18 /* Frameworks */ = {
			isa = PBXFrameworksBuildPhase;
			buildActionMask = 2147483647;
			files = (
			);
			runOnlyForDeploymentPostprocessing = 0;
		};
/* End PBXFrameworksBuildPhase section */

/* Begin PBXGroup section */
		0D6980912A0637B70049AB18 = {
			isa = PBXGroup;
			children = (
				0D69809C2A0637B70049AB18 /* Challenge-Rock-Paper_Scissors */,
				0D69809B2A0637B70049AB18 /* Products */,
			);
			sourceTree = "<group>";
		};
		0D69809B2A0637B70049AB18 /* Products */ = {
			isa = PBXGroup;
			children = (
				0D69809A2A0637B70049AB18 /* Challenge-Rock-Paper_Scissors.app */,
			);
			name = Products;
			sourceTree = "<group>";
		};
		0D69809C2A0637B70049AB18 /* Challenge-Rock-Paper_Scissors */ = {
			isa = PBXGroup;
			children = (
				0D6980B32A065D750049AB18 /* Services */,
				0D6980AF2A065D570049AB18 /* Features */,
				0D69809D2A0637B70049AB18 /* Challenge_Rock_Paper_ScissorsApp.swift */,
				0D6980AB2A0655C50049AB18 /* Resources */,
				0D6980A12A0637B80049AB18 /* Assets.xcassets */,
				0D6980A32A0637B80049AB18 /* Preview Content */,
			);
			path = "Challenge-Rock-Paper_Scissors";
			sourceTree = "<group>";
		};
		0D6980A32A0637B80049AB18 /* Preview Content */ = {
			isa = PBXGroup;
			children = (
				0D6980A42A0637B80049AB18 /* Preview Assets.xcassets */,
			);
			path = "Preview Content";
			sourceTree = "<group>";
		};
		0D6980AB2A0655C50049AB18 /* Resources */ = {
			isa = PBXGroup;
			children = (
				0D6980AC2A0655D30049AB18 /* Extensions */,
			);
			path = Resources;
			sourceTree = "<group>";
		};
		0D6980AC2A0655D30049AB18 /* Extensions */ = {
			isa = PBXGroup;
			children = (
				0D6980AD2A0655DE0049AB18 /* View+Extension.swift */,
			);
			path = Extensions;
			sourceTree = "<group>";
		};
		0D6980AF2A065D570049AB18 /* Features */ = {
			isa = PBXGroup;
			children = (
				0D6980B02A065D5C0049AB18 /* Game */,
			);
			path = Features;
			sourceTree = "<group>";
		};
		0D6980B02A065D5C0049AB18 /* Game */ = {
			isa = PBXGroup;
			children = (
				0D6980B22A065D6E0049AB18 /* ViewModel */,
				0D6980B42A065D7D0049AB18 /* View */,
			);
			path = Game;
			sourceTree = "<group>";
		};
		0D6980B22A065D6E0049AB18 /* ViewModel */ = {
			isa = PBXGroup;
			children = (
				0D6980BE2A0664A30049AB18 /* GameViewModel.swift */,
			);
			path = ViewModel;
			sourceTree = "<group>";
		};
		0D6980B32A065D750049AB18 /* Services */ = {
			isa = PBXGroup;
			children = (
				0D6980B72A0663490049AB18 /* RPCGameService */,
			);
			path = Services;
			sourceTree = "<group>";
		};
		0D6980B42A065D7D0049AB18 /* View */ = {
			isa = PBXGroup;
			children = (
				0D6980C22A06B8000049AB18 /* Custom */,
				0D69809F2A0637B70049AB18 /* GameView.swift */,
			);
			path = View;
			sourceTree = "<group>";
		};
		0D6980B72A0663490049AB18 /* RPCGameService */ = {
			isa = PBXGroup;
			children = (
				0D6980B82A06638D0049AB18 /* RPSGameType.swift */,
				0D6980BA2A0663A00049AB18 /* RPSChoiceType.swift */,
				0D6980B52A065DBD0049AB18 /* RPSGameContract.swift */,
				0D6980BC2A0663BE0049AB18 /* RPSGame.swift */,
			);
			path = RPCGameService;
			sourceTree = "<group>";
		};
		0D6980C22A06B8000049AB18 /* Custom */ = {
			isa = PBXGroup;
			children = (
				0D6980C02A06B7EB0049AB18 /* ChoiceImageButton.swift */,
				0D6980C32A06B8130049AB18 /* TitleTextView.swift */,
			);
			path = Custom;
			sourceTree = "<group>";
		};
/* End PBXGroup section */

/* Begin PBXNativeTarget section */
		0D6980992A0637B70049AB18 /* Challenge-Rock-Paper_Scissors */ = {
			isa = PBXNativeTarget;
			buildConfigurationList = 0D6980A82A0637B80049AB18 /* Build configuration list for PBXNativeTarget "Challenge-Rock-Paper_Scissors" */;
			buildPhases = (
				0D6980962A0637B70049AB18 /* Sources */,
				0D6980972A0637B70049AB18 /* Frameworks */,
				0D6980982A0637B70049AB18 /* Resources */,
			);
			buildRules = (
			);
			dependencies = (
			);
			name = "Challenge-Rock-Paper_Scissors";
			productName = "Challenge-Rock-Paper_Scissors";
			productReference = 0D69809A2A0637B70049AB18 /* Challenge-Rock-Paper_Scissors.app */;
			productType = "com.apple.product-type.application";
		};
/* End PBXNativeTarget section */

/* Begin PBXProject section */
		0D6980922A0637B70049AB18 /* Project object */ = {
			isa = PBXProject;
			attributes = {
				BuildIndependentTargetsInParallel = 1;
				LastSwiftUpdateCheck = 1420;
				LastUpgradeCheck = 1420;
				TargetAttributes = {
					0D6980992A0637B70049AB18 = {
						CreatedOnToolsVersion = 14.2;
					};
				};
			};
			buildConfigurationList = 0D6980952A0637B70049AB18 /* Build configuration list for PBXProject "Challenge-Rock-Paper_Scissors" */;
			compatibilityVersion = "Xcode 14.0";
			developmentRegion = en;
			hasScannedForEncodings = 0;
			knownRegions = (
				en,
				Base,
			);
			mainGroup = 0D6980912A0637B70049AB18;
			productRefGroup = 0D69809B2A0637B70049AB18 /* Products */;
			projectDirPath = "";
			projectRoot = "";
			targets = (
				0D6980992A0637B70049AB18 /* Challenge-Rock-Paper_Scissors */,
			);
		};
/* End PBXProject section */

/* Begin PBXResourcesBuildPhase section */
		0D6980982A0637B70049AB18 /* Resources */ = {
			isa = PBXResourcesBuildPhase;
			buildActionMask = 2147483647;
			files = (
				0D6980A52A0637B80049AB18 /* Preview Assets.xcassets in Resources */,
				0D6980A22A0637B80049AB18 /* Assets.xcassets in Resources */,
			);
			runOnlyForDeploymentPostprocessing = 0;
		};
/* End PBXResourcesBuildPhase section */

/* Begin PBXSourcesBuildPhase section */
		0D6980962A0637B70049AB18 /* Sources */ = {
			isa = PBXSourcesBuildPhase;
			buildActionMask = 2147483647;
			files = (
				0D6980C12A06B7EB0049AB18 /* ChoiceImageButton.swift in Sources */,
				0D6980B62A065DBD0049AB18 /* RPSGameContract.swift in Sources */,
				0D6980C42A06B8130049AB18 /* TitleTextView.swift in Sources */,
				0D6980BD2A0663BE0049AB18 /* RPSGame.swift in Sources */,
				0D6980B92A06638D0049AB18 /* RPSGameType.swift in Sources */,
				0D6980BF2A0664A30049AB18 /* GameViewModel.swift in Sources */,
				0D6980A02A0637B70049AB18 /* GameView.swift in Sources */,
				0D6980AE2A0655DE0049AB18 /* View+Extension.swift in Sources */,
				0D6980BB2A0663A00049AB18 /* RPSChoiceType.swift in Sources */,
				0D69809E2A0637B70049AB18 /* Challenge_Rock_Paper_ScissorsApp.swift in Sources */,
			);
			runOnlyForDeploymentPostprocessing = 0;
		};
/* End PBXSourcesBuildPhase section */

/* Begin XCBuildConfiguration section */
		0D6980A62A0637B80049AB18 /* Debug */ = {
			isa = XCBuildConfiguration;
			buildSettings = {
				ALWAYS_SEARCH_USER_PATHS = NO;
				CLANG_ANALYZER_NONNULL = YES;
				CLANG_ANALYZER_NUMBER_OBJECT_CONVERSION = YES_AGGRESSIVE;
				CLANG_CXX_LANGUAGE_STANDARD = "gnu++20";
				CLANG_ENABLE_MODULES = YES;
				CLANG_ENABLE_OBJC_ARC = YES;
				CLANG_ENABLE_OBJC_WEAK = YES;
				CLANG_WARN_BLOCK_CAPTURE_AUTORELEASING = YES;
				CLANG_WARN_BOOL_CONVERSION = YES;
				CLANG_WARN_COMMA = YES;
				CLANG_WARN_CONSTANT_CONVERSION = YES;
				CLANG_WARN_DEPRECATED_OBJC_IMPLEMENTATIONS = YES;
				CLANG_WARN_DIRECT_OBJC_ISA_USAGE = YES_ERROR;
				CLANG_WARN_DOCUMENTATION_COMMENTS = YES;
				CLANG_WARN_EMPTY_BODY = YES;
				CLANG_WARN_ENUM_CONVERSION = YES;
				CLANG_WARN_INFINITE_RECURSION = YES;
				CLANG_WARN_INT_CONVERSION = YES;
				CLANG_WARN_NON_LITERAL_NULL_CONVERSION = YES;
				CLANG_WARN_OBJC_IMPLICIT_RETAIN_SELF = YES;
				CLANG_WARN_OBJC_LITERAL_CONVERSION = YES;
				CLANG_WARN_OBJC_ROOT_CLASS = YES_ERROR;
				CLANG_WARN_QUOTED_INCLUDE_IN_FRAMEWORK_HEADER = YES;
				CLANG_WARN_RANGE_LOOP_ANALYSIS = YES;
				CLANG_WARN_STRICT_PROTOTYPES = YES;
				CLANG_WARN_SUSPICIOUS_MOVE = YES;
				CLANG_WARN_UNGUARDED_AVAILABILITY = YES_AGGRESSIVE;
				CLANG_WARN_UNREACHABLE_CODE = YES;
				CLANG_WARN__DUPLICATE_METHOD_MATCH = YES;
				COPY_PHASE_STRIP = NO;
				DEBUG_INFORMATION_FORMAT = dwarf;
				ENABLE_STRICT_OBJC_MSGSEND = YES;
				ENABLE_TESTABILITY = YES;
				GCC_C_LANGUAGE_STANDARD = gnu11;
				GCC_DYNAMIC_NO_PIC = NO;
				GCC_NO_COMMON_BLOCKS = YES;
				GCC_OPTIMIZATION_LEVEL = 0;
				GCC_PREPROCESSOR_DEFINITIONS = (
					"DEBUG=1",
					"$(inherited)",
				);
				GCC_WARN_64_TO_32_BIT_CONVERSION = YES;
				GCC_WARN_ABOUT_RETURN_TYPE = YES_ERROR;
				GCC_WARN_UNDECLARED_SELECTOR = YES;
				GCC_WARN_UNINITIALIZED_AUTOS = YES_AGGRESSIVE;
				GCC_WARN_UNUSED_FUNCTION = YES;
				GCC_WARN_UNUSED_VARIABLE = YES;
				IPHONEOS_DEPLOYMENT_TARGET = 16.2;
				MTL_ENABLE_DEBUG_INFO = INCLUDE_SOURCE;
				MTL_FAST_MATH = YES;
				ONLY_ACTIVE_ARCH = YES;
				SDKROOT = iphoneos;
				SWIFT_ACTIVE_COMPILATION_CONDITIONS = DEBUG;
				SWIFT_OPTIMIZATION_LEVEL = "-Onone";
			};
			name = Debug;
		};
		0D6980A72A0637B80049AB18 /* Release */ = {
			isa = XCBuildConfiguration;
			buildSettings = {
				ALWAYS_SEARCH_USER_PATHS = NO;
				CLANG_ANALYZER_NONNULL = YES;
				CLANG_ANALYZER_NUMBER_OBJECT_CONVERSION = YES_AGGRESSIVE;
				CLANG_CXX_LANGUAGE_STANDARD = "gnu++20";
				CLANG_ENABLE_MODULES = YES;
				CLANG_ENABLE_OBJC_ARC = YES;
				CLANG_ENABLE_OBJC_WEAK = YES;
				CLANG_WARN_BLOCK_CAPTURE_AUTORELEASING = YES;
				CLANG_WARN_BOOL_CONVERSION = YES;
				CLANG_WARN_COMMA = YES;
				CLANG_WARN_CONSTANT_CONVERSION = YES;
				CLANG_WARN_DEPRECATED_OBJC_IMPLEMENTATIONS = YES;
				CLANG_WARN_DIRECT_OBJC_ISA_USAGE = YES_ERROR;
				CLANG_WARN_DOCUMENTATION_COMMENTS = YES;
				CLANG_WARN_EMPTY_BODY = YES;
				CLANG_WARN_ENUM_CONVERSION = YES;
				CLANG_WARN_INFINITE_RECURSION = YES;
				CLANG_WARN_INT_CONVERSION = YES;
				CLANG_WARN_NON_LITERAL_NULL_CONVERSION = YES;
				CLANG_WARN_OBJC_IMPLICIT_RETAIN_SELF = YES;
				CLANG_WARN_OBJC_LITERAL_CONVERSION = YES;
				CLANG_WARN_OBJC_ROOT_CLASS = YES_ERROR;
				CLANG_WARN_QUOTED_INCLUDE_IN_FRAMEWORK_HEADER = YES;
				CLANG_WARN_RANGE_LOOP_ANALYSIS = YES;
				CLANG_WARN_STRICT_PROTOTYPES = YES;
				CLANG_WARN_SUSPICIOUS_MOVE = YES;
				CLANG_WARN_UNGUARDED_AVAILABILITY = YES_AGGRESSIVE;
				CLANG_WARN_UNREACHABLE_CODE = YES;
				CLANG_WARN__DUPLICATE_METHOD_MATCH = YES;
				COPY_PHASE_STRIP = NO;
				DEBUG_INFORMATION_FORMAT = "dwarf-with-dsym";
				ENABLE_NS_ASSERTIONS = NO;
				ENABLE_STRICT_OBJC_MSGSEND = YES;
				GCC_C_LANGUAGE_STANDARD = gnu11;
				GCC_NO_COMMON_BLOCKS = YES;
				GCC_WARN_64_TO_32_BIT_CONVERSION = YES;
				GCC_WARN_ABOUT_RETURN_TYPE = YES_ERROR;
				GCC_WARN_UNDECLARED_SELECTOR = YES;
				GCC_WARN_UNINITIALIZED_AUTOS = YES_AGGRESSIVE;
				GCC_WARN_UNUSED_FUNCTION = YES;
				GCC_WARN_UNUSED_VARIABLE = YES;
				IPHONEOS_DEPLOYMENT_TARGET = 16.2;
				MTL_ENABLE_DEBUG_INFO = NO;
				MTL_FAST_MATH = YES;
				SDKROOT = iphoneos;
				SWIFT_COMPILATION_MODE = wholemodule;
				SWIFT_OPTIMIZATION_LEVEL = "-O";
				VALIDATE_PRODUCT = YES;
			};
			name = Release;
		};
		0D6980A92A0637B80049AB18 /* Debug */ = {
			isa = XCBuildConfiguration;
			buildSettings = {
				ASSETCATALOG_COMPILER_APPICON_NAME = AppIcon;
				ASSETCATALOG_COMPILER_GLOBAL_ACCENT_COLOR_NAME = AccentColor;
				CODE_SIGN_STYLE = Automatic;
				CURRENT_PROJECT_VERSION = 1;
				DEVELOPMENT_ASSET_PATHS = "\"Challenge-Rock-Paper_Scissors/Preview Content\"";
				DEVELOPMENT_TEAM = 2264UU8CR6;
				ENABLE_PREVIEWS = YES;
				GENERATE_INFOPLIST_FILE = YES;
				INFOPLIST_KEY_UIApplicationSceneManifest_Generation = YES;
				INFOPLIST_KEY_UIApplicationSupportsIndirectInputEvents = YES;
				INFOPLIST_KEY_UILaunchScreen_Generation = YES;
				INFOPLIST_KEY_UISupportedInterfaceOrientations = UIInterfaceOrientationPortrait;
				LD_RUNPATH_SEARCH_PATHS = (
					"$(inherited)",
					"@executable_path/Frameworks",
				);
				MARKETING_VERSION = 1.0;
				PRODUCT_BUNDLE_IDENTIFIER = "www.tinokrzelj.com.Challenge-Rock-Paper-Scissors";
				PRODUCT_NAME = "$(TARGET_NAME)";
				SWIFT_EMIT_LOC_STRINGS = YES;
				SWIFT_VERSION = 5.0;
				TARGETED_DEVICE_FAMILY = "1,2";
			};
			name = Debug;
		};
		0D6980AA2A0637B80049AB18 /* Release */ = {
			isa = XCBuildConfiguration;
			buildSettings = {
				ASSETCATALOG_COMPILER_APPICON_NAME = AppIcon;
				ASSETCATALOG_COMPILER_GLOBAL_ACCENT_COLOR_NAME = AccentColor;
				CODE_SIGN_STYLE = Automatic;
				CURRENT_PROJECT_VERSION = 1;
				DEVELOPMENT_ASSET_PATHS = "\"Challenge-Rock-Paper_Scissors/Preview Content\"";
				DEVELOPMENT_TEAM = 2264UU8CR6;
				ENABLE_PREVIEWS = YES;
				GENERATE_INFOPLIST_FILE = YES;
				INFOPLIST_KEY_UIApplicationSceneManifest_Generation = YES;
				INFOPLIST_KEY_UIApplicationSupportsIndirectInputEvents = YES;
				INFOPLIST_KEY_UILaunchScreen_Generation = YES;
				INFOPLIST_KEY_UISupportedInterfaceOrientations = UIInterfaceOrientationPortrait;
				LD_RUNPATH_SEARCH_PATHS = (
					"$(inherited)",
					"@executable_path/Frameworks",
				);
				MARKETING_VERSION = 1.0;
				PRODUCT_BUNDLE_IDENTIFIER = "www.tinokrzelj.com.Challenge-Rock-Paper-Scissors";
				PRODUCT_NAME = "$(TARGET_NAME)";
				SWIFT_EMIT_LOC_STRINGS = YES;
				SWIFT_VERSION = 5.0;
				TARGETED_DEVICE_FAMILY = "1,2";
			};
			name = Release;
		};
/* End XCBuildConfiguration section */

/* Begin XCConfigurationList section */
		0D6980952A0637B70049AB18 /* Build configuration list for PBXProject "Challenge-Rock-Paper_Scissors" */ = {
			isa = XCConfigurationList;
			buildConfigurations = (
				0D6980A62A0637B80049AB18 /* Debug */,
				0D6980A72A0637B80049AB18 /* Release */,
			);
			defaultConfigurationIsVisible = 0;
			defaultConfigurationName = Release;
		};
		0D6980A82A0637B80049AB18 /* Build configuration list for PBXNativeTarget "Challenge-Rock-Paper_Scissors" */ = {
			isa = XCConfigurationList;
			buildConfigurations = (
				0D6980A92A0637B80049AB18 /* Debug */,
				0D6980AA2A0637B80049AB18 /* Release */,
			);
			defaultConfigurationIsVisible = 0;
			defaultConfigurationName = Release;
		};
/* End XCConfigurationList section */
	};
	rootObject = 0D6980922A0637B70049AB18 /* Project object */;
}
